
Microsoft Visual Studio Solution File, Format Version 12.00
# Visual Studio 14
VisualStudioVersion = 14.0.25420.1
MinimumVisualStudioVersion = 10.0.40219.1
Project("{2150E333-8FDC-42A3-9474-1A3956D46DE8}") = "src", "src", "{99176F32-B2D4-4666-9DE6-1D7257705E2C}"
EndProject
Project("{2150E333-8FDC-42A3-9474-1A3956D46DE8}") = "Solution Items", "Solution Items", "{FB7DAD03-1FD4-4665-B7A6-F39992515769}"
	ProjectSection(SolutionItems) = preProject
		global.json = global.json
	EndProjectSection
EndProject
Project("{8BB2217D-0F2D-49D1-97BC-3654ED321F3B}") = "PipServices.Telemetry.NetStandard16", "src\PipServices.Telemetry.NetStandard16\PipServices.Telemetry.NetStandard16.xproj", "{26E2F102-F89C-4471-AAAC-B428BF1763EF}"
EndProject
Project("{2150E333-8FDC-42A3-9474-1A3956D46DE8}") = "examples", "examples", "{C767939F-7568-4A0F-9CB3-3A5CD0D96C4F}"
EndProject
Global
	GlobalSection(SolutionConfigurationPlatforms) = preSolution
		Debug|Any CPU = Debug|Any CPU
		Release|Any CPU = Release|Any CPU
	EndGlobalSection
	GlobalSection(ProjectConfigurationPlatforms) = postSolution
		{26E2F102-F89C-4471-AAAC-B428BF1763EF}.Debug|Any CPU.ActiveCfg = Debug|Any CPU
		{26E2F102-F89C-4471-AAAC-B428BF1763EF}.Debug|Any CPU.Build.0 = Debug|Any CPU
		{26E2F102-F89C-4471-AAAC-B428BF1763EF}.Release|Any CPU.ActiveCfg = Release|Any CPU
		{26E2F102-F89C-4471-AAAC-B428BF1763EF}.Release|Any CPU.Build.0 = Release|Any CPU
	EndGlobalSection
	GlobalSection(SolutionProperties) = preSolution
		HideSolutionNode = FALSE
	EndGlobalSection
	GlobalSection(NestedProjects) = preSolution
		{26E2F102-F89C-4471-AAAC-B428BF1763EF} = {99176F32-B2D4-4666-9DE6-1D7257705E2C}
	EndGlobalSection
EndGlobal
